
Microsoft Visual Studio Solution File, Format Version 12.00
# Visual Studio Version 16
VisualStudioVersion = 16.0.29209.62
MinimumVisualStudioVersion = 10.0.40219.1
Project("{2150E333-8FDC-42A3-9474-1A3956D46DE8}") = "Plugins", "Plugins", "{16553295-E70F-4596-AA78-848EEA576C4A}"
EndProject
Project("{FAE04EC0-301F-11D3-BF4B-00C04F79EFBC}") = "Sound.Flac", "source\Plugins\Sound.Flac\Sound.Flac.csproj", "{081F5739-33DA-421A-B177-7B548D96646F}"
EndProject
Project("{FAE04EC0-301F-11D3-BF4B-00C04F79EFBC}") = "Sound.RiffWave", "source\Plugins\Sound.RiffWave\Sound.RiffWave.csproj", "{67418D38-1E2E-4944-A1B0-09E00FC2D055}"
EndProject
Project("{FAE04EC0-301F-11D3-BF4B-00C04F79EFBC}") = "Texture.BmpGifJpegPngTiff", "source\Plugins\Texture.BmpGifJpegPngTiff\Texture.BmpGifJpegPngTiff.csproj", "{4B775819-3574-443E-95AD-B40BC6EA6469}"
EndProject
Project("{FAE04EC0-301F-11D3-BF4B-00C04F79EFBC}") = "OpenBveAts", "source\Plugins\OpenBveAts\OpenBveAts.csproj", "{15142E7B-35F5-4E81-AA18-79C4D60B4C26}"
EndProject
Project("{FAE04EC0-301F-11D3-BF4B-00C04F79EFBC}") = "Texture.Ace", "source\Plugins\Texture.Ace\Texture.Ace.csproj", "{06D89847-9C7A-47D5-8C7A-95AEBFFF5F1E}"
EndProject
Project("{FAE04EC0-301F-11D3-BF4B-00C04F79EFBC}") = "OpenBve", "source\OpenBVE\OpenBve.csproj", "{34743421-2EB8-4F68-9600-AEAE79AECFA5}"
	ProjectSection(ProjectDependencies) = postProject
		{4B775819-3574-443E-95AD-B40BC6EA6469} = {4B775819-3574-443E-95AD-B40BC6EA6469}
		{D7561922-31A6-46DE-801F-C3C519B4B9C3} = {D7561922-31A6-46DE-801F-C3C519B4B9C3}
		{F59F8030-A470-471E-AFBF-6E7816DCD11B} = {F59F8030-A470-471E-AFBF-6E7816DCD11B}
		{ACAFCA35-01B7-479C-AD5F-9BCE0F8A597B} = {ACAFCA35-01B7-479C-AD5F-9BCE0F8A597B}
		{67418D38-1E2E-4944-A1B0-09E00FC2D055} = {67418D38-1E2E-4944-A1B0-09E00FC2D055}
		{081F5739-33DA-421A-B177-7B548D96646F} = {081F5739-33DA-421A-B177-7B548D96646F}
		{06D89847-9C7A-47D5-8C7A-95AEBFFF5F1E} = {06D89847-9C7A-47D5-8C7A-95AEBFFF5F1E}
		{0C73C749-FCAE-4254-A614-AE1B03AF45C9} = {0C73C749-FCAE-4254-A614-AE1B03AF45C9}
		{F6FBD153-9D9F-4D6C-B08D-0C798F106B32} = {F6FBD153-9D9F-4D6C-B08D-0C798F106B32}
		{A2FC4D71-1ED9-40D4-B746-FE6AB3C7D55E} = {A2FC4D71-1ED9-40D4-B746-FE6AB3C7D55E}
		{E9B64673-65B7-4D77-A4DB-4B441A7C9197} = {E9B64673-65B7-4D77-A4DB-4B441A7C9197}
		{7D0D7673-C77A-4140-A5C6-075D825AC11D} = {7D0D7673-C77A-4140-A5C6-075D825AC11D}
		{7AE7D277-EFD8-4325-80ED-CAE7CDB94505} = {7AE7D277-EFD8-4325-80ED-CAE7CDB94505}
		{15142E7B-35F5-4E81-AA18-79C4D60B4C26} = {15142E7B-35F5-4E81-AA18-79C4D60B4C26}
		{3D833D81-4F14-4A68-B0DE-6469B8CF4E62} = {3D833D81-4F14-4A68-B0DE-6469B8CF4E62}
		{EEC75E83-E284-44E0-B321-3F5C6512074F} = {EEC75E83-E284-44E0-B321-3F5C6512074F}
		{D3710390-CD0E-4E14-8E4F-80302D797D5E} = {D3710390-CD0E-4E14-8E4F-80302D797D5E}
		{F3C96DBE-12C6-4362-86B0-24371369A3E2} = {F3C96DBE-12C6-4362-86B0-24371369A3E2}
		{678031C7-6D87-4F5F-9C4A-12F86B76342C} = {678031C7-6D87-4F5F-9C4A-12F86B76342C}
		{B520B1D7-3889-4C88-9E0F-CB96802D5CD1} = {B520B1D7-3889-4C88-9E0F-CB96802D5CD1}
		{8DAA1CF4-A29A-42CE-8649-34E0FBC0D97C} = {8DAA1CF4-A29A-42CE-8649-34E0FBC0D97C}
		{F714A9FA-1C4B-456B-BACF-D6763223A81C} = {F714A9FA-1C4B-456B-BACF-D6763223A81C}
	EndProjectSection
EndProject
Project("{FAE04EC0-301F-11D3-BF4B-00C04F79EFBC}") = "OpenBveApi", "source\OpenBveApi\OpenBveApi.csproj", "{27134980-4415-4375-A564-40A9014DFA5F}"
EndProject
Project("{FAE04EC0-301F-11D3-BF4B-00C04F79EFBC}") = "RouteViewer", "source\RouteViewer\RouteViewer.csproj", "{B34E2423-B8D0-405E-A970-1F135B6855C7}"
	ProjectSection(ProjectDependencies) = postProject
		{4B775819-3574-443E-95AD-B40BC6EA6469} = {4B775819-3574-443E-95AD-B40BC6EA6469}
		{D7561922-31A6-46DE-801F-C3C519B4B9C3} = {D7561922-31A6-46DE-801F-C3C519B4B9C3}
		{F59F8030-A470-471E-AFBF-6E7816DCD11B} = {F59F8030-A470-471E-AFBF-6E7816DCD11B}
		{ACAFCA35-01B7-479C-AD5F-9BCE0F8A597B} = {ACAFCA35-01B7-479C-AD5F-9BCE0F8A597B}
		{67418D38-1E2E-4944-A1B0-09E00FC2D055} = {67418D38-1E2E-4944-A1B0-09E00FC2D055}
		{081F5739-33DA-421A-B177-7B548D96646F} = {081F5739-33DA-421A-B177-7B548D96646F}
		{06D89847-9C7A-47D5-8C7A-95AEBFFF5F1E} = {06D89847-9C7A-47D5-8C7A-95AEBFFF5F1E}
		{A2FC4D71-1ED9-40D4-B746-FE6AB3C7D55E} = {A2FC4D71-1ED9-40D4-B746-FE6AB3C7D55E}
		{E9B64673-65B7-4D77-A4DB-4B441A7C9197} = {E9B64673-65B7-4D77-A4DB-4B441A7C9197}
		{7D0D7673-C77A-4140-A5C6-075D825AC11D} = {7D0D7673-C77A-4140-A5C6-075D825AC11D}
		{7AE7D277-EFD8-4325-80ED-CAE7CDB94505} = {7AE7D277-EFD8-4325-80ED-CAE7CDB94505}
		{EEC75E83-E284-44E0-B321-3F5C6512074F} = {EEC75E83-E284-44E0-B321-3F5C6512074F}
		{F3C96DBE-12C6-4362-86B0-24371369A3E2} = {F3C96DBE-12C6-4362-86B0-24371369A3E2}
		{678031C7-6D87-4F5F-9C4A-12F86B76342C} = {678031C7-6D87-4F5F-9C4A-12F86B76342C}
		{B520B1D7-3889-4C88-9E0F-CB96802D5CD1} = {B520B1D7-3889-4C88-9E0F-CB96802D5CD1}
		{8DAA1CF4-A29A-42CE-8649-34E0FBC0D97C} = {8DAA1CF4-A29A-42CE-8649-34E0FBC0D97C}
		{F714A9FA-1C4B-456B-BACF-D6763223A81C} = {F714A9FA-1C4B-456B-BACF-D6763223A81C}
	EndProjectSection
EndProject
Project("{FAE04EC0-301F-11D3-BF4B-00C04F79EFBC}") = "TrainEditor", "source\TrainEditor\TrainEditor.csproj", "{912A4369-C2D7-4A23-A3C5-42FED3E950D4}"
EndProject
Project("{FAE04EC0-301F-11D3-BF4B-00C04F79EFBC}") = "ObjectViewer", "source\ObjectViewer\ObjectViewer.csproj", "{F1E0F444-D09A-487E-8AFA-B8223E0D8671}"
	ProjectSection(ProjectDependencies) = postProject
		{4B775819-3574-443E-95AD-B40BC6EA6469} = {4B775819-3574-443E-95AD-B40BC6EA6469}
		{D7561922-31A6-46DE-801F-C3C519B4B9C3} = {D7561922-31A6-46DE-801F-C3C519B4B9C3}
		{F59F8030-A470-471E-AFBF-6E7816DCD11B} = {F59F8030-A470-471E-AFBF-6E7816DCD11B}
		{ACAFCA35-01B7-479C-AD5F-9BCE0F8A597B} = {ACAFCA35-01B7-479C-AD5F-9BCE0F8A597B}
		{06D89847-9C7A-47D5-8C7A-95AEBFFF5F1E} = {06D89847-9C7A-47D5-8C7A-95AEBFFF5F1E}
		{7AE7D277-EFD8-4325-80ED-CAE7CDB94505} = {7AE7D277-EFD8-4325-80ED-CAE7CDB94505}
		{EEC75E83-E284-44E0-B321-3F5C6512074F} = {EEC75E83-E284-44E0-B321-3F5C6512074F}
		{D3710390-CD0E-4E14-8E4F-80302D797D5E} = {D3710390-CD0E-4E14-8E4F-80302D797D5E}
		{F3C96DBE-12C6-4362-86B0-24371369A3E2} = {F3C96DBE-12C6-4362-86B0-24371369A3E2}
		{678031C7-6D87-4F5F-9C4A-12F86B76342C} = {678031C7-6D87-4F5F-9C4A-12F86B76342C}
		{F714A9FA-1C4B-456B-BACF-D6763223A81C} = {F714A9FA-1C4B-456B-BACF-D6763223A81C}
	EndProjectSection
EndProject
Project("{FAE04EC0-301F-11D3-BF4B-00C04F79EFBC}") = "ObjectBender", "source\ObjectBender\ObjectBender.csproj", "{BD5997E4-736B-4FDC-9837-752BA446F78A}"
EndProject
Project("{FAE04EC0-301F-11D3-BF4B-00C04F79EFBC}") = "LBAHeader", "source\DevTools\LBAHeader\LBAHeader.csproj", "{E9B64673-65B7-4D77-A4DB-4B441A7C9197}"
EndProject
Project("{2150E333-8FDC-42A3-9474-1A3956D46DE8}") = "DevTools", "DevTools", "{3D6660F8-52D2-4A30-8F1E-1922DDCF10F9}"
EndProject
Project("{FAE04EC0-301F-11D3-BF4B-00C04F79EFBC}") = "CarXMLConvertor", "source\CarXMLConvertor\CarXMLConvertor.csproj", "{55901EEC-6FB3-4FB6-BDD9-C0E1042F3FBB}"
EndProject
Project("{FAE04EC0-301F-11D3-BF4B-00C04F79EFBC}") = "Texture.Dds", "source\Plugins\Texture.Dds\Texture.Dds.csproj", "{EEC75E83-E284-44E0-B321-3F5C6512074F}"
EndProject
Project("{FAE04EC0-301F-11D3-BF4B-00C04F79EFBC}") = "Formats.Msts", "source\Plugins\Formats.Msts\Formats.Msts.csproj", "{E81B7BD8-A326-47D3-B7EE-E9C7D4D119FA}"
EndProject
Project("{FAE04EC0-301F-11D3-BF4B-00C04F79EFBC}") = "Sound.MP3", "source\Plugins\Sound.MP3\Sound.MP3.csproj", "{A2FC4D71-1ED9-40D4-B746-FE6AB3C7D55E}"
EndProject
Project("{2150E333-8FDC-42A3-9474-1A3956D46DE8}") = "InputDevicePlugins", "InputDevicePlugins", "{851ADF1E-4500-4A14-B4AA-C1087A6C537E}"
EndProject
Project("{FAE04EC0-301F-11D3-BF4B-00C04F79EFBC}") = "SanYingInput", "source\InputDevicePlugins\SanYingInput\SanYingInput.csproj", "{0C73C749-FCAE-4254-A614-AE1B03AF45C9}"
EndProject
Project("{FAE04EC0-301F-11D3-BF4B-00C04F79EFBC}") = "DefaultDisplayPlugin", "source\InputDevicePlugins\DefaultDisplayPlugin\DefaultDisplayPlugin.csproj", "{3D833D81-4F14-4A68-B0DE-6469B8CF4E62}"
EndProject
Project("{FAE04EC0-301F-11D3-BF4B-00C04F79EFBC}") = "DenshaDeGoInput", "source\InputDevicePlugins\DenshaDeGoInput\DenshaDeGoInput.csproj", "{F6FBD153-9D9F-4D6C-B08D-0C798F106B32}"
EndProject
Project("{FAE04EC0-301F-11D3-BF4B-00C04F79EFBC}") = "Texture.Tga", "source\Plugins\Texture.Tga\Texture.Tga.csproj", "{F714A9FA-1C4B-456B-BACF-D6763223A81C}"
EndProject
Project("{FAE04EC0-301F-11D3-BF4B-00C04F79EFBC}") = "AssimpParser", "source\AssimpParser\AssimpParser.csproj", "{77CCAE62-D374-468E-98A0-DD8ADB461C10}"
EndProject
Project("{FAE04EC0-301F-11D3-BF4B-00C04F79EFBC}") = "Object.CsvB3d", "source\Plugins\Object.CsvB3d\Object.CsvB3d.csproj", "{678031C7-6D87-4F5F-9C4A-12F86B76342C}"
EndProject
Project("{FAE04EC0-301F-11D3-BF4B-00C04F79EFBC}") = "Object.DirectX", "source\Plugins\Object.DirectX\Object.DirectX.csproj", "{F3C96DBE-12C6-4362-86B0-24371369A3E2}"
EndProject
Project("{FAE04EC0-301F-11D3-BF4B-00C04F79EFBC}") = "Object.Wavefront", "source\Plugins\Object.Wavefront\Object.Wavefront.csproj", "{ACAFCA35-01B7-479C-AD5F-9BCE0F8A597B}"
EndProject
Project("{FAE04EC0-301F-11D3-BF4B-00C04F79EFBC}") = "SoundManager", "source\SoundManager\SoundManager.csproj", "{90ABFA0C-ABCA-444E-ADEF-9A299AED6524}"
EndProject
Project("{FAE04EC0-301F-11D3-BF4B-00C04F79EFBC}") = "Sound.Vorbis", "source\Plugins\Sound.Vorbis\Sound.Vorbis.csproj", "{B520B1D7-3889-4C88-9E0F-CB96802D5CD1}"
EndProject
Project("{FAE04EC0-301F-11D3-BF4B-00C04F79EFBC}") = "Object.Animated", "source\Plugins\Object.Animated\Object.Animated.csproj", "{F59F8030-A470-471E-AFBF-6E7816DCD11B}"
EndProject
Project("{FAE04EC0-301F-11D3-BF4B-00C04F79EFBC}") = "Object.LokSim", "source\Plugins\Object.LokSim\Object.LokSim.csproj", "{7AE7D277-EFD8-4325-80ED-CAE7CDB94505}"
EndProject
Project("{FAE04EC0-301F-11D3-BF4B-00C04F79EFBC}") = "Object.Msts", "source\Plugins\Object.Msts\Object.Msts.csproj", "{D7561922-31A6-46DE-801F-C3C519B4B9C3}"
EndProject
Project("{FAE04EC0-301F-11D3-BF4B-00C04F79EFBC}") = "TrainEditor2", "source\TrainEditor2\TrainEditor2.csproj", "{0AE1C682-A15E-4880-925E-10F9EFD1CD49}"
	ProjectSection(ProjectDependencies) = postProject
		{67418D38-1E2E-4944-A1B0-09E00FC2D055} = {67418D38-1E2E-4944-A1B0-09E00FC2D055}
		{081F5739-33DA-421A-B177-7B548D96646F} = {081F5739-33DA-421A-B177-7B548D96646F}
		{A2FC4D71-1ED9-40D4-B746-FE6AB3C7D55E} = {A2FC4D71-1ED9-40D4-B746-FE6AB3C7D55E}
		{B520B1D7-3889-4C88-9E0F-CB96802D5CD1} = {B520B1D7-3889-4C88-9E0F-CB96802D5CD1}
	EndProjectSection
EndProject
Project("{FAE04EC0-301F-11D3-BF4B-00C04F79EFBC}") = "LibRender2", "source\LibRender2\LibRender2.csproj", "{68215476-302C-49F2-9F7E-AAE20A2B6B12}"
EndProject
Project("{FAE04EC0-301F-11D3-BF4B-00C04F79EFBC}") = "RouteManager2", "source\RouteManager2\RouteManager2.csproj", "{4EF680D7-DF17-4978-9872-133EDC169B4B}"
EndProject
Project("{FAE04EC0-301F-11D3-BF4B-00C04F79EFBC}") = "Route.CsvRw", "source\Plugins\Route.CsvRw\Route.CsvRw.csproj", "{8DAA1CF4-A29A-42CE-8649-34E0FBC0D97C}"
	ProjectSection(ProjectDependencies) = postProject
		{90ABFA0C-ABCA-444E-ADEF-9A299AED6524} = {90ABFA0C-ABCA-444E-ADEF-9A299AED6524}
		{4B775819-3574-443E-95AD-B40BC6EA6469} = {4B775819-3574-443E-95AD-B40BC6EA6469}
		{D7561922-31A6-46DE-801F-C3C519B4B9C3} = {D7561922-31A6-46DE-801F-C3C519B4B9C3}
		{F59F8030-A470-471E-AFBF-6E7816DCD11B} = {F59F8030-A470-471E-AFBF-6E7816DCD11B}
		{ACAFCA35-01B7-479C-AD5F-9BCE0F8A597B} = {ACAFCA35-01B7-479C-AD5F-9BCE0F8A597B}
		{67418D38-1E2E-4944-A1B0-09E00FC2D055} = {67418D38-1E2E-4944-A1B0-09E00FC2D055}
		{081F5739-33DA-421A-B177-7B548D96646F} = {081F5739-33DA-421A-B177-7B548D96646F}
		{06D89847-9C7A-47D5-8C7A-95AEBFFF5F1E} = {06D89847-9C7A-47D5-8C7A-95AEBFFF5F1E}
		{A2FC4D71-1ED9-40D4-B746-FE6AB3C7D55E} = {A2FC4D71-1ED9-40D4-B746-FE6AB3C7D55E}
		{7AE7D277-EFD8-4325-80ED-CAE7CDB94505} = {7AE7D277-EFD8-4325-80ED-CAE7CDB94505}
		{EEC75E83-E284-44E0-B321-3F5C6512074F} = {EEC75E83-E284-44E0-B321-3F5C6512074F}
		{F3C96DBE-12C6-4362-86B0-24371369A3E2} = {F3C96DBE-12C6-4362-86B0-24371369A3E2}
		{678031C7-6D87-4F5F-9C4A-12F86B76342C} = {678031C7-6D87-4F5F-9C4A-12F86B76342C}
		{B520B1D7-3889-4C88-9E0F-CB96802D5CD1} = {B520B1D7-3889-4C88-9E0F-CB96802D5CD1}
		{F714A9FA-1C4B-456B-BACF-D6763223A81C} = {F714A9FA-1C4B-456B-BACF-D6763223A81C}
	EndProjectSection
EndProject
Project("{2150E333-8FDC-42A3-9474-1A3956D46DE8}") = "Route", "Route", "{D75531B7-000E-432E-A168-51846256A9D1}"
EndProject
Project("{2150E333-8FDC-42A3-9474-1A3956D46DE8}") = "Object", "Object", "{1D035A49-9E4B-4B3B-AAEF-3A360B5EE2D8}"
EndProject
Project("{2150E333-8FDC-42A3-9474-1A3956D46DE8}") = "Sound", "Sound", "{C841EA02-4918-4162-ADC1-C09F5BC28AF9}"
EndProject
Project("{2150E333-8FDC-42A3-9474-1A3956D46DE8}") = "Texture", "Texture", "{8D21C5C6-73E9-42E0-92FB-63500E321836}"
EndProject
Project("{2150E333-8FDC-42A3-9474-1A3956D46DE8}") = "Train", "Train", "{F49789F2-97F3-45B3-BC85-F4E09C0D120D}"
EndProject
Project("{FAE04EC0-301F-11D3-BF4B-00C04F79EFBC}") = "Route.Mechanik", "source\Plugins\Route.Mechanik\Route.Mechanik.csproj", "{7D0D7673-C77A-4140-A5C6-075D825AC11D}"
EndProject
Project("{FAE04EC0-301F-11D3-BF4B-00C04F79EFBC}") = "TrainManager", "source\TrainManager\TrainManager.csproj", "{D0FCA2C5-FF75-42D8-AE80-310280A61FB1}"
	ProjectSection(ProjectDependencies) = postProject
		{B9014791-7170-4DCD-B3F1-2B7518A85C83} = {B9014791-7170-4DCD-B3F1-2B7518A85C83}
	EndProjectSection
EndProject
Project("{FAE04EC0-301F-11D3-BF4B-00C04F79EFBC}") = "Train.OpenBve", "source\Plugins\Train.OpenBve\Train.OpenBve.csproj", "{D3710390-CD0E-4E14-8E4F-80302D797D5E}"
EndProject
Project("{FAE04EC0-301F-11D3-BF4B-00C04F79EFBC}") = "Win32PluginProxy", "source\Plugins\Win32PluginProxy\Win32PluginProxy.csproj", "{B9014791-7170-4DCD-B3F1-2B7518A85C83}"
EndProject
Project("{FAE04EC0-301F-11D3-BF4B-00C04F79EFBC}") = "Train.MsTs", "source\Plugins\Train.MsTs\Train.MsTs.csproj", "{A6E3D875-DDFA-446A-AAF5-BFAFF3C9EF45}"
EndProject
Global
	GlobalSection(SolutionConfigurationPlatforms) = preSolution
		Debug|Any CPU = Debug|Any CPU
		Debug|Mixed Platforms = Debug|Mixed Platforms
		Debug|x86 = Debug|x86
		Release|Any CPU = Release|Any CPU
		Release|Mixed Platforms = Release|Mixed Platforms
		Release|x86 = Release|x86
	EndGlobalSection
	GlobalSection(ProjectConfigurationPlatforms) = postSolution
		{081F5739-33DA-421A-B177-7B548D96646F}.Debug|Any CPU.ActiveCfg = Debug|x86
		{081F5739-33DA-421A-B177-7B548D96646F}.Debug|Any CPU.Build.0 = Debug|x86
		{081F5739-33DA-421A-B177-7B548D96646F}.Debug|Mixed Platforms.ActiveCfg = Debug|x86
		{081F5739-33DA-421A-B177-7B548D96646F}.Debug|Mixed Platforms.Build.0 = Debug|x86
		{081F5739-33DA-421A-B177-7B548D96646F}.Debug|x86.ActiveCfg = Debug|x86
		{081F5739-33DA-421A-B177-7B548D96646F}.Debug|x86.Build.0 = Debug|x86
		{081F5739-33DA-421A-B177-7B548D96646F}.Release|Any CPU.ActiveCfg = Release|x86
		{081F5739-33DA-421A-B177-7B548D96646F}.Release|Any CPU.Build.0 = Release|x86
		{081F5739-33DA-421A-B177-7B548D96646F}.Release|Mixed Platforms.ActiveCfg = Release|x86
		{081F5739-33DA-421A-B177-7B548D96646F}.Release|Mixed Platforms.Build.0 = Release|x86
		{081F5739-33DA-421A-B177-7B548D96646F}.Release|x86.ActiveCfg = Release|x86
		{081F5739-33DA-421A-B177-7B548D96646F}.Release|x86.Build.0 = Release|x86
		{67418D38-1E2E-4944-A1B0-09E00FC2D055}.Debug|Any CPU.ActiveCfg = Debug|x86
		{67418D38-1E2E-4944-A1B0-09E00FC2D055}.Debug|Any CPU.Build.0 = Debug|x86
		{67418D38-1E2E-4944-A1B0-09E00FC2D055}.Debug|Mixed Platforms.ActiveCfg = Debug|x86
		{67418D38-1E2E-4944-A1B0-09E00FC2D055}.Debug|Mixed Platforms.Build.0 = Debug|x86
		{67418D38-1E2E-4944-A1B0-09E00FC2D055}.Debug|x86.ActiveCfg = Debug|x86
		{67418D38-1E2E-4944-A1B0-09E00FC2D055}.Debug|x86.Build.0 = Debug|x86
		{67418D38-1E2E-4944-A1B0-09E00FC2D055}.Release|Any CPU.ActiveCfg = Release|x86
		{67418D38-1E2E-4944-A1B0-09E00FC2D055}.Release|Any CPU.Build.0 = Release|x86
		{67418D38-1E2E-4944-A1B0-09E00FC2D055}.Release|Mixed Platforms.ActiveCfg = Release|x86
		{67418D38-1E2E-4944-A1B0-09E00FC2D055}.Release|Mixed Platforms.Build.0 = Release|x86
		{67418D38-1E2E-4944-A1B0-09E00FC2D055}.Release|x86.ActiveCfg = Release|x86
		{67418D38-1E2E-4944-A1B0-09E00FC2D055}.Release|x86.Build.0 = Release|x86
		{4B775819-3574-443E-95AD-B40BC6EA6469}.Debug|Any CPU.ActiveCfg = Debug|x86
		{4B775819-3574-443E-95AD-B40BC6EA6469}.Debug|Any CPU.Build.0 = Debug|x86
		{4B775819-3574-443E-95AD-B40BC6EA6469}.Debug|Mixed Platforms.ActiveCfg = Debug|x86
		{4B775819-3574-443E-95AD-B40BC6EA6469}.Debug|Mixed Platforms.Build.0 = Debug|x86
		{4B775819-3574-443E-95AD-B40BC6EA6469}.Debug|x86.ActiveCfg = Debug|x86
		{4B775819-3574-443E-95AD-B40BC6EA6469}.Debug|x86.Build.0 = Debug|x86
		{4B775819-3574-443E-95AD-B40BC6EA6469}.Release|Any CPU.ActiveCfg = Release|x86
		{4B775819-3574-443E-95AD-B40BC6EA6469}.Release|Any CPU.Build.0 = Release|x86
		{4B775819-3574-443E-95AD-B40BC6EA6469}.Release|Mixed Platforms.ActiveCfg = Release|x86
		{4B775819-3574-443E-95AD-B40BC6EA6469}.Release|Mixed Platforms.Build.0 = Release|x86
		{4B775819-3574-443E-95AD-B40BC6EA6469}.Release|x86.ActiveCfg = Release|x86
		{4B775819-3574-443E-95AD-B40BC6EA6469}.Release|x86.Build.0 = Release|x86
		{15142E7B-35F5-4E81-AA18-79C4D60B4C26}.Debug|Any CPU.ActiveCfg = Debug|x86
		{15142E7B-35F5-4E81-AA18-79C4D60B4C26}.Debug|Any CPU.Build.0 = Debug|x86
		{15142E7B-35F5-4E81-AA18-79C4D60B4C26}.Debug|Mixed Platforms.ActiveCfg = Debug|x86
		{15142E7B-35F5-4E81-AA18-79C4D60B4C26}.Debug|Mixed Platforms.Build.0 = Debug|x86
		{15142E7B-35F5-4E81-AA18-79C4D60B4C26}.Debug|x86.ActiveCfg = Debug|x86
		{15142E7B-35F5-4E81-AA18-79C4D60B4C26}.Debug|x86.Build.0 = Debug|x86
		{15142E7B-35F5-4E81-AA18-79C4D60B4C26}.Release|Any CPU.ActiveCfg = Release|x86
		{15142E7B-35F5-4E81-AA18-79C4D60B4C26}.Release|Any CPU.Build.0 = Release|x86
		{15142E7B-35F5-4E81-AA18-79C4D60B4C26}.Release|Mixed Platforms.ActiveCfg = Release|x86
		{15142E7B-35F5-4E81-AA18-79C4D60B4C26}.Release|Mixed Platforms.Build.0 = Release|x86
		{15142E7B-35F5-4E81-AA18-79C4D60B4C26}.Release|x86.ActiveCfg = Release|x86
		{15142E7B-35F5-4E81-AA18-79C4D60B4C26}.Release|x86.Build.0 = Release|x86
		{06D89847-9C7A-47D5-8C7A-95AEBFFF5F1E}.Debug|Any CPU.ActiveCfg = Debug|x86
		{06D89847-9C7A-47D5-8C7A-95AEBFFF5F1E}.Debug|Any CPU.Build.0 = Debug|x86
		{06D89847-9C7A-47D5-8C7A-95AEBFFF5F1E}.Debug|Mixed Platforms.ActiveCfg = Debug|x86
		{06D89847-9C7A-47D5-8C7A-95AEBFFF5F1E}.Debug|Mixed Platforms.Build.0 = Debug|x86
		{06D89847-9C7A-47D5-8C7A-95AEBFFF5F1E}.Debug|x86.ActiveCfg = Debug|x86
		{06D89847-9C7A-47D5-8C7A-95AEBFFF5F1E}.Debug|x86.Build.0 = Debug|x86
		{06D89847-9C7A-47D5-8C7A-95AEBFFF5F1E}.Release|Any CPU.ActiveCfg = Release|x86
		{06D89847-9C7A-47D5-8C7A-95AEBFFF5F1E}.Release|Any CPU.Build.0 = Release|x86
		{06D89847-9C7A-47D5-8C7A-95AEBFFF5F1E}.Release|Mixed Platforms.ActiveCfg = Release|x86
		{06D89847-9C7A-47D5-8C7A-95AEBFFF5F1E}.Release|Mixed Platforms.Build.0 = Release|x86
		{06D89847-9C7A-47D5-8C7A-95AEBFFF5F1E}.Release|x86.ActiveCfg = Release|x86
		{06D89847-9C7A-47D5-8C7A-95AEBFFF5F1E}.Release|x86.Build.0 = Release|x86
		{34743421-2EB8-4F68-9600-AEAE79AECFA5}.Debug|Any CPU.ActiveCfg = Debug|Any CPU
		{34743421-2EB8-4F68-9600-AEAE79AECFA5}.Debug|Any CPU.Build.0 = Debug|Any CPU
		{34743421-2EB8-4F68-9600-AEAE79AECFA5}.Debug|Mixed Platforms.ActiveCfg = Debug|Any CPU
		{34743421-2EB8-4F68-9600-AEAE79AECFA5}.Debug|Mixed Platforms.Build.0 = Debug|Any CPU
		{34743421-2EB8-4F68-9600-AEAE79AECFA5}.Debug|x86.ActiveCfg = Debug|Any CPU
		{34743421-2EB8-4F68-9600-AEAE79AECFA5}.Debug|x86.Build.0 = Debug|Any CPU
		{34743421-2EB8-4F68-9600-AEAE79AECFA5}.Release|Any CPU.ActiveCfg = Release|Any CPU
		{34743421-2EB8-4F68-9600-AEAE79AECFA5}.Release|Any CPU.Build.0 = Release|Any CPU
		{34743421-2EB8-4F68-9600-AEAE79AECFA5}.Release|Mixed Platforms.ActiveCfg = Release|Any CPU
		{34743421-2EB8-4F68-9600-AEAE79AECFA5}.Release|Mixed Platforms.Build.0 = Release|Any CPU
		{34743421-2EB8-4F68-9600-AEAE79AECFA5}.Release|x86.ActiveCfg = Release|Any CPU
		{34743421-2EB8-4F68-9600-AEAE79AECFA5}.Release|x86.Build.0 = Release|Any CPU
		{27134980-4415-4375-A564-40A9014DFA5F}.Debug|Any CPU.ActiveCfg = Debug|x86
		{27134980-4415-4375-A564-40A9014DFA5F}.Debug|Any CPU.Build.0 = Debug|x86
		{27134980-4415-4375-A564-40A9014DFA5F}.Debug|Mixed Platforms.ActiveCfg = Debug|x86
		{27134980-4415-4375-A564-40A9014DFA5F}.Debug|Mixed Platforms.Build.0 = Debug|x86
		{27134980-4415-4375-A564-40A9014DFA5F}.Debug|x86.ActiveCfg = Debug|x86
		{27134980-4415-4375-A564-40A9014DFA5F}.Debug|x86.Build.0 = Debug|x86
		{27134980-4415-4375-A564-40A9014DFA5F}.Release|Any CPU.ActiveCfg = Release|x86
		{27134980-4415-4375-A564-40A9014DFA5F}.Release|Any CPU.Build.0 = Release|x86
		{27134980-4415-4375-A564-40A9014DFA5F}.Release|Mixed Platforms.ActiveCfg = Release|x86
		{27134980-4415-4375-A564-40A9014DFA5F}.Release|Mixed Platforms.Build.0 = Release|x86
		{27134980-4415-4375-A564-40A9014DFA5F}.Release|x86.ActiveCfg = Release|x86
		{27134980-4415-4375-A564-40A9014DFA5F}.Release|x86.Build.0 = Release|x86
		{B34E2423-B8D0-405E-A970-1F135B6855C7}.Debug|Any CPU.ActiveCfg = Debug|Any CPU
		{B34E2423-B8D0-405E-A970-1F135B6855C7}.Debug|Any CPU.Build.0 = Debug|Any CPU
		{B34E2423-B8D0-405E-A970-1F135B6855C7}.Debug|Mixed Platforms.ActiveCfg = Debug|Any CPU
		{B34E2423-B8D0-405E-A970-1F135B6855C7}.Debug|Mixed Platforms.Build.0 = Debug|Any CPU
		{B34E2423-B8D0-405E-A970-1F135B6855C7}.Debug|x86.ActiveCfg = Debug|Any CPU
		{B34E2423-B8D0-405E-A970-1F135B6855C7}.Debug|x86.Build.0 = Debug|Any CPU
		{B34E2423-B8D0-405E-A970-1F135B6855C7}.Release|Any CPU.ActiveCfg = Release|Any CPU
		{B34E2423-B8D0-405E-A970-1F135B6855C7}.Release|Any CPU.Build.0 = Release|Any CPU
		{B34E2423-B8D0-405E-A970-1F135B6855C7}.Release|Mixed Platforms.ActiveCfg = Release|Any CPU
		{B34E2423-B8D0-405E-A970-1F135B6855C7}.Release|Mixed Platforms.Build.0 = Release|Any CPU
		{B34E2423-B8D0-405E-A970-1F135B6855C7}.Release|x86.ActiveCfg = Release|Any CPU
		{B34E2423-B8D0-405E-A970-1F135B6855C7}.Release|x86.Build.0 = Release|Any CPU
		{912A4369-C2D7-4A23-A3C5-42FED3E950D4}.Debug|Any CPU.ActiveCfg = Debug|Any CPU
		{912A4369-C2D7-4A23-A3C5-42FED3E950D4}.Debug|Any CPU.Build.0 = Debug|Any CPU
		{912A4369-C2D7-4A23-A3C5-42FED3E950D4}.Debug|Mixed Platforms.ActiveCfg = Debug|Any CPU
		{912A4369-C2D7-4A23-A3C5-42FED3E950D4}.Debug|Mixed Platforms.Build.0 = Debug|Any CPU
		{912A4369-C2D7-4A23-A3C5-42FED3E950D4}.Debug|x86.ActiveCfg = Debug|Any CPU
		{912A4369-C2D7-4A23-A3C5-42FED3E950D4}.Debug|x86.Build.0 = Debug|Any CPU
		{912A4369-C2D7-4A23-A3C5-42FED3E950D4}.Release|Any CPU.ActiveCfg = Release|Any CPU
		{912A4369-C2D7-4A23-A3C5-42FED3E950D4}.Release|Any CPU.Build.0 = Release|Any CPU
		{912A4369-C2D7-4A23-A3C5-42FED3E950D4}.Release|Mixed Platforms.ActiveCfg = Release|Any CPU
		{912A4369-C2D7-4A23-A3C5-42FED3E950D4}.Release|Mixed Platforms.Build.0 = Release|Any CPU
		{912A4369-C2D7-4A23-A3C5-42FED3E950D4}.Release|x86.ActiveCfg = Release|Any CPU
		{912A4369-C2D7-4A23-A3C5-42FED3E950D4}.Release|x86.Build.0 = Release|Any CPU
		{F1E0F444-D09A-487E-8AFA-B8223E0D8671}.Debug|Any CPU.ActiveCfg = Debug|Any CPU
		{F1E0F444-D09A-487E-8AFA-B8223E0D8671}.Debug|Any CPU.Build.0 = Debug|Any CPU
		{F1E0F444-D09A-487E-8AFA-B8223E0D8671}.Debug|Mixed Platforms.ActiveCfg = Debug|Any CPU
		{F1E0F444-D09A-487E-8AFA-B8223E0D8671}.Debug|Mixed Platforms.Build.0 = Debug|Any CPU
		{F1E0F444-D09A-487E-8AFA-B8223E0D8671}.Debug|x86.ActiveCfg = Debug|Any CPU
		{F1E0F444-D09A-487E-8AFA-B8223E0D8671}.Debug|x86.Build.0 = Debug|Any CPU
		{F1E0F444-D09A-487E-8AFA-B8223E0D8671}.Release|Any CPU.ActiveCfg = Release|Any CPU
		{F1E0F444-D09A-487E-8AFA-B8223E0D8671}.Release|Any CPU.Build.0 = Release|Any CPU
		{F1E0F444-D09A-487E-8AFA-B8223E0D8671}.Release|Mixed Platforms.ActiveCfg = Release|Any CPU
		{F1E0F444-D09A-487E-8AFA-B8223E0D8671}.Release|Mixed Platforms.Build.0 = Release|Any CPU
		{F1E0F444-D09A-487E-8AFA-B8223E0D8671}.Release|x86.ActiveCfg = Release|Any CPU
		{F1E0F444-D09A-487E-8AFA-B8223E0D8671}.Release|x86.Build.0 = Release|Any CPU
		{BD5997E4-736B-4FDC-9837-752BA446F78A}.Debug|Any CPU.ActiveCfg = Debug|Any CPU
		{BD5997E4-736B-4FDC-9837-752BA446F78A}.Debug|Any CPU.Build.0 = Debug|Any CPU
		{BD5997E4-736B-4FDC-9837-752BA446F78A}.Debug|Mixed Platforms.ActiveCfg = Debug|Any CPU
		{BD5997E4-736B-4FDC-9837-752BA446F78A}.Debug|Mixed Platforms.Build.0 = Debug|Any CPU
		{BD5997E4-736B-4FDC-9837-752BA446F78A}.Debug|x86.ActiveCfg = Debug|Any CPU
		{BD5997E4-736B-4FDC-9837-752BA446F78A}.Debug|x86.Build.0 = Debug|Any CPU
		{BD5997E4-736B-4FDC-9837-752BA446F78A}.Release|Any CPU.ActiveCfg = Release|Any CPU
		{BD5997E4-736B-4FDC-9837-752BA446F78A}.Release|Any CPU.Build.0 = Release|Any CPU
		{BD5997E4-736B-4FDC-9837-752BA446F78A}.Release|Mixed Platforms.ActiveCfg = Release|Any CPU
		{BD5997E4-736B-4FDC-9837-752BA446F78A}.Release|Mixed Platforms.Build.0 = Release|Any CPU
		{BD5997E4-736B-4FDC-9837-752BA446F78A}.Release|x86.ActiveCfg = Release|Any CPU
		{BD5997E4-736B-4FDC-9837-752BA446F78A}.Release|x86.Build.0 = Release|Any CPU
		{E9B64673-65B7-4D77-A4DB-4B441A7C9197}.Debug|Any CPU.ActiveCfg = Debug|Any CPU
		{E9B64673-65B7-4D77-A4DB-4B441A7C9197}.Debug|Any CPU.Build.0 = Debug|Any CPU
		{E9B64673-65B7-4D77-A4DB-4B441A7C9197}.Debug|Mixed Platforms.ActiveCfg = Debug|Any CPU
		{E9B64673-65B7-4D77-A4DB-4B441A7C9197}.Debug|Mixed Platforms.Build.0 = Debug|Any CPU
		{E9B64673-65B7-4D77-A4DB-4B441A7C9197}.Debug|x86.ActiveCfg = Debug|Any CPU
		{E9B64673-65B7-4D77-A4DB-4B441A7C9197}.Debug|x86.Build.0 = Debug|Any CPU
		{E9B64673-65B7-4D77-A4DB-4B441A7C9197}.Release|Any CPU.ActiveCfg = Release|Any CPU
		{E9B64673-65B7-4D77-A4DB-4B441A7C9197}.Release|Any CPU.Build.0 = Release|Any CPU
		{E9B64673-65B7-4D77-A4DB-4B441A7C9197}.Release|Mixed Platforms.ActiveCfg = Release|Any CPU
		{E9B64673-65B7-4D77-A4DB-4B441A7C9197}.Release|Mixed Platforms.Build.0 = Release|Any CPU
		{E9B64673-65B7-4D77-A4DB-4B441A7C9197}.Release|x86.ActiveCfg = Release|Any CPU
		{E9B64673-65B7-4D77-A4DB-4B441A7C9197}.Release|x86.Build.0 = Release|Any CPU
		{55901EEC-6FB3-4FB6-BDD9-C0E1042F3FBB}.Debug|Any CPU.ActiveCfg = Debug|Any CPU
		{55901EEC-6FB3-4FB6-BDD9-C0E1042F3FBB}.Debug|Any CPU.Build.0 = Debug|Any CPU
		{55901EEC-6FB3-4FB6-BDD9-C0E1042F3FBB}.Debug|Mixed Platforms.ActiveCfg = Debug|Any CPU
		{55901EEC-6FB3-4FB6-BDD9-C0E1042F3FBB}.Debug|Mixed Platforms.Build.0 = Debug|Any CPU
		{55901EEC-6FB3-4FB6-BDD9-C0E1042F3FBB}.Debug|x86.ActiveCfg = Debug|Any CPU
		{55901EEC-6FB3-4FB6-BDD9-C0E1042F3FBB}.Debug|x86.Build.0 = Debug|Any CPU
		{55901EEC-6FB3-4FB6-BDD9-C0E1042F3FBB}.Release|Any CPU.ActiveCfg = Release|Any CPU
		{55901EEC-6FB3-4FB6-BDD9-C0E1042F3FBB}.Release|Any CPU.Build.0 = Release|Any CPU
		{55901EEC-6FB3-4FB6-BDD9-C0E1042F3FBB}.Release|Mixed Platforms.ActiveCfg = Release|Any CPU
		{55901EEC-6FB3-4FB6-BDD9-C0E1042F3FBB}.Release|Mixed Platforms.Build.0 = Release|Any CPU
		{55901EEC-6FB3-4FB6-BDD9-C0E1042F3FBB}.Release|x86.ActiveCfg = Release|Any CPU
		{55901EEC-6FB3-4FB6-BDD9-C0E1042F3FBB}.Release|x86.Build.0 = Release|Any CPU
		{EEC75E83-E284-44E0-B321-3F5C6512074F}.Debug|Any CPU.ActiveCfg = Debug|x86
		{EEC75E83-E284-44E0-B321-3F5C6512074F}.Debug|Any CPU.Build.0 = Debug|x86
		{EEC75E83-E284-44E0-B321-3F5C6512074F}.Debug|Mixed Platforms.ActiveCfg = Debug|x86
		{EEC75E83-E284-44E0-B321-3F5C6512074F}.Debug|Mixed Platforms.Build.0 = Debug|x86
		{EEC75E83-E284-44E0-B321-3F5C6512074F}.Debug|x86.ActiveCfg = Debug|x86
		{EEC75E83-E284-44E0-B321-3F5C6512074F}.Debug|x86.Build.0 = Debug|x86
		{EEC75E83-E284-44E0-B321-3F5C6512074F}.Release|Any CPU.ActiveCfg = Release|x86
		{EEC75E83-E284-44E0-B321-3F5C6512074F}.Release|Any CPU.Build.0 = Release|x86
		{EEC75E83-E284-44E0-B321-3F5C6512074F}.Release|Mixed Platforms.ActiveCfg = Release|x86
		{EEC75E83-E284-44E0-B321-3F5C6512074F}.Release|Mixed Platforms.Build.0 = Release|x86
		{EEC75E83-E284-44E0-B321-3F5C6512074F}.Release|x86.ActiveCfg = Release|x86
		{EEC75E83-E284-44E0-B321-3F5C6512074F}.Release|x86.Build.0 = Release|x86
		{E81B7BD8-A326-47D3-B7EE-E9C7D4D119FA}.Debug|Any CPU.ActiveCfg = Debug|x86
		{E81B7BD8-A326-47D3-B7EE-E9C7D4D119FA}.Debug|Any CPU.Build.0 = Debug|x86
		{E81B7BD8-A326-47D3-B7EE-E9C7D4D119FA}.Debug|Mixed Platforms.ActiveCfg = Debug|x86
		{E81B7BD8-A326-47D3-B7EE-E9C7D4D119FA}.Debug|Mixed Platforms.Build.0 = Debug|x86
		{E81B7BD8-A326-47D3-B7EE-E9C7D4D119FA}.Debug|x86.ActiveCfg = Debug|x86
		{E81B7BD8-A326-47D3-B7EE-E9C7D4D119FA}.Debug|x86.Build.0 = Debug|x86
		{E81B7BD8-A326-47D3-B7EE-E9C7D4D119FA}.Release|Any CPU.ActiveCfg = Release|x86
		{E81B7BD8-A326-47D3-B7EE-E9C7D4D119FA}.Release|Any CPU.Build.0 = Release|x86
		{E81B7BD8-A326-47D3-B7EE-E9C7D4D119FA}.Release|Mixed Platforms.ActiveCfg = Release|x86
		{E81B7BD8-A326-47D3-B7EE-E9C7D4D119FA}.Release|Mixed Platforms.Build.0 = Release|x86
		{E81B7BD8-A326-47D3-B7EE-E9C7D4D119FA}.Release|x86.ActiveCfg = Release|x86
		{E81B7BD8-A326-47D3-B7EE-E9C7D4D119FA}.Release|x86.Build.0 = Release|x86
		{A2FC4D71-1ED9-40D4-B746-FE6AB3C7D55E}.Debug|Any CPU.ActiveCfg = Debug|x86
		{A2FC4D71-1ED9-40D4-B746-FE6AB3C7D55E}.Debug|Any CPU.Build.0 = Debug|x86
		{A2FC4D71-1ED9-40D4-B746-FE6AB3C7D55E}.Debug|Mixed Platforms.ActiveCfg = Debug|x86
		{A2FC4D71-1ED9-40D4-B746-FE6AB3C7D55E}.Debug|Mixed Platforms.Build.0 = Debug|x86
		{A2FC4D71-1ED9-40D4-B746-FE6AB3C7D55E}.Debug|x86.ActiveCfg = Debug|x86
		{A2FC4D71-1ED9-40D4-B746-FE6AB3C7D55E}.Debug|x86.Build.0 = Debug|x86
		{A2FC4D71-1ED9-40D4-B746-FE6AB3C7D55E}.Release|Any CPU.ActiveCfg = Release|x86
		{A2FC4D71-1ED9-40D4-B746-FE6AB3C7D55E}.Release|Any CPU.Build.0 = Release|x86
		{A2FC4D71-1ED9-40D4-B746-FE6AB3C7D55E}.Release|Mixed Platforms.ActiveCfg = Release|x86
		{A2FC4D71-1ED9-40D4-B746-FE6AB3C7D55E}.Release|Mixed Platforms.Build.0 = Release|x86
		{A2FC4D71-1ED9-40D4-B746-FE6AB3C7D55E}.Release|x86.ActiveCfg = Release|x86
		{A2FC4D71-1ED9-40D4-B746-FE6AB3C7D55E}.Release|x86.Build.0 = Release|x86
		{0C73C749-FCAE-4254-A614-AE1B03AF45C9}.Debug|Any CPU.ActiveCfg = Debug|Any CPU
		{0C73C749-FCAE-4254-A614-AE1B03AF45C9}.Debug|Any CPU.Build.0 = Debug|Any CPU
		{0C73C749-FCAE-4254-A614-AE1B03AF45C9}.Debug|Mixed Platforms.ActiveCfg = Debug|Any CPU
		{0C73C749-FCAE-4254-A614-AE1B03AF45C9}.Debug|Mixed Platforms.Build.0 = Debug|Any CPU
		{0C73C749-FCAE-4254-A614-AE1B03AF45C9}.Debug|x86.ActiveCfg = Debug|Any CPU
		{0C73C749-FCAE-4254-A614-AE1B03AF45C9}.Debug|x86.Build.0 = Debug|Any CPU
		{0C73C749-FCAE-4254-A614-AE1B03AF45C9}.Release|Any CPU.ActiveCfg = Release|Any CPU
		{0C73C749-FCAE-4254-A614-AE1B03AF45C9}.Release|Any CPU.Build.0 = Release|Any CPU
		{0C73C749-FCAE-4254-A614-AE1B03AF45C9}.Release|Mixed Platforms.ActiveCfg = Release|Any CPU
		{0C73C749-FCAE-4254-A614-AE1B03AF45C9}.Release|Mixed Platforms.Build.0 = Release|Any CPU
		{0C73C749-FCAE-4254-A614-AE1B03AF45C9}.Release|x86.ActiveCfg = Release|Any CPU
		{0C73C749-FCAE-4254-A614-AE1B03AF45C9}.Release|x86.Build.0 = Release|Any CPU
		{3D833D81-4F14-4A68-B0DE-6469B8CF4E62}.Debug|Any CPU.ActiveCfg = Debug|Any CPU
		{3D833D81-4F14-4A68-B0DE-6469B8CF4E62}.Debug|Any CPU.Build.0 = Debug|Any CPU
		{3D833D81-4F14-4A68-B0DE-6469B8CF4E62}.Debug|Mixed Platforms.ActiveCfg = Debug|Any CPU
		{3D833D81-4F14-4A68-B0DE-6469B8CF4E62}.Debug|Mixed Platforms.Build.0 = Debug|Any CPU
		{3D833D81-4F14-4A68-B0DE-6469B8CF4E62}.Debug|x86.ActiveCfg = Debug|Any CPU
		{3D833D81-4F14-4A68-B0DE-6469B8CF4E62}.Debug|x86.Build.0 = Debug|Any CPU
		{3D833D81-4F14-4A68-B0DE-6469B8CF4E62}.Release|Any CPU.ActiveCfg = Release|Any CPU
		{3D833D81-4F14-4A68-B0DE-6469B8CF4E62}.Release|Any CPU.Build.0 = Release|Any CPU
		{3D833D81-4F14-4A68-B0DE-6469B8CF4E62}.Release|Mixed Platforms.ActiveCfg = Release|Any CPU
		{3D833D81-4F14-4A68-B0DE-6469B8CF4E62}.Release|Mixed Platforms.Build.0 = Release|Any CPU
		{3D833D81-4F14-4A68-B0DE-6469B8CF4E62}.Release|x86.ActiveCfg = Release|Any CPU
		{3D833D81-4F14-4A68-B0DE-6469B8CF4E62}.Release|x86.Build.0 = Release|Any CPU
		{F6FBD153-9D9F-4D6C-B08D-0C798F106B32}.Debug|Any CPU.ActiveCfg = Debug|Any CPU
		{F6FBD153-9D9F-4D6C-B08D-0C798F106B32}.Debug|Any CPU.Build.0 = Debug|Any CPU
		{F6FBD153-9D9F-4D6C-B08D-0C798F106B32}.Debug|Mixed Platforms.ActiveCfg = Debug|Any CPU
		{F6FBD153-9D9F-4D6C-B08D-0C798F106B32}.Debug|Mixed Platforms.Build.0 = Debug|Any CPU
		{F6FBD153-9D9F-4D6C-B08D-0C798F106B32}.Debug|x86.ActiveCfg = Debug|Any CPU
		{F6FBD153-9D9F-4D6C-B08D-0C798F106B32}.Debug|x86.Build.0 = Debug|Any CPU
		{F6FBD153-9D9F-4D6C-B08D-0C798F106B32}.Release|Any CPU.ActiveCfg = Release|Any CPU
		{F6FBD153-9D9F-4D6C-B08D-0C798F106B32}.Release|Any CPU.Build.0 = Release|Any CPU
		{F6FBD153-9D9F-4D6C-B08D-0C798F106B32}.Release|Mixed Platforms.ActiveCfg = Release|Any CPU
		{F6FBD153-9D9F-4D6C-B08D-0C798F106B32}.Release|Mixed Platforms.Build.0 = Release|Any CPU
		{F6FBD153-9D9F-4D6C-B08D-0C798F106B32}.Release|x86.ActiveCfg = Release|Any CPU
		{F6FBD153-9D9F-4D6C-B08D-0C798F106B32}.Release|x86.Build.0 = Release|Any CPU
		{F714A9FA-1C4B-456B-BACF-D6763223A81C}.Debug|Any CPU.ActiveCfg = Debug|x86
		{F714A9FA-1C4B-456B-BACF-D6763223A81C}.Debug|Any CPU.Build.0 = Debug|x86
		{F714A9FA-1C4B-456B-BACF-D6763223A81C}.Debug|Mixed Platforms.ActiveCfg = Debug|x86
		{F714A9FA-1C4B-456B-BACF-D6763223A81C}.Debug|Mixed Platforms.Build.0 = Debug|x86
		{F714A9FA-1C4B-456B-BACF-D6763223A81C}.Debug|x86.ActiveCfg = Debug|x86
		{F714A9FA-1C4B-456B-BACF-D6763223A81C}.Debug|x86.Build.0 = Debug|x86
		{F714A9FA-1C4B-456B-BACF-D6763223A81C}.Release|Any CPU.ActiveCfg = Release|x86
		{F714A9FA-1C4B-456B-BACF-D6763223A81C}.Release|Any CPU.Build.0 = Release|x86
		{F714A9FA-1C4B-456B-BACF-D6763223A81C}.Release|Mixed Platforms.ActiveCfg = Release|x86
		{F714A9FA-1C4B-456B-BACF-D6763223A81C}.Release|Mixed Platforms.Build.0 = Release|x86
		{F714A9FA-1C4B-456B-BACF-D6763223A81C}.Release|x86.ActiveCfg = Release|x86
		{F714A9FA-1C4B-456B-BACF-D6763223A81C}.Release|x86.Build.0 = Release|x86
		{77CCAE62-D374-468E-98A0-DD8ADB461C10}.Debug|Any CPU.ActiveCfg = Debug|Any CPU
		{77CCAE62-D374-468E-98A0-DD8ADB461C10}.Debug|Any CPU.Build.0 = Debug|Any CPU
		{77CCAE62-D374-468E-98A0-DD8ADB461C10}.Debug|Mixed Platforms.ActiveCfg = Debug|Any CPU
		{77CCAE62-D374-468E-98A0-DD8ADB461C10}.Debug|Mixed Platforms.Build.0 = Debug|Any CPU
		{77CCAE62-D374-468E-98A0-DD8ADB461C10}.Debug|x86.ActiveCfg = Debug|Any CPU
		{77CCAE62-D374-468E-98A0-DD8ADB461C10}.Debug|x86.Build.0 = Debug|Any CPU
		{77CCAE62-D374-468E-98A0-DD8ADB461C10}.Release|Any CPU.ActiveCfg = Release|Any CPU
		{77CCAE62-D374-468E-98A0-DD8ADB461C10}.Release|Any CPU.Build.0 = Release|Any CPU
		{77CCAE62-D374-468E-98A0-DD8ADB461C10}.Release|Mixed Platforms.ActiveCfg = Release|Any CPU
		{77CCAE62-D374-468E-98A0-DD8ADB461C10}.Release|Mixed Platforms.Build.0 = Release|Any CPU
		{77CCAE62-D374-468E-98A0-DD8ADB461C10}.Release|x86.ActiveCfg = Release|Any CPU
		{77CCAE62-D374-468E-98A0-DD8ADB461C10}.Release|x86.Build.0 = Release|Any CPU
		{678031C7-6D87-4F5F-9C4A-12F86B76342C}.Debug|Any CPU.ActiveCfg = Debug|Any CPU
		{678031C7-6D87-4F5F-9C4A-12F86B76342C}.Debug|Any CPU.Build.0 = Debug|Any CPU
		{678031C7-6D87-4F5F-9C4A-12F86B76342C}.Debug|Mixed Platforms.ActiveCfg = Debug|Any CPU
		{678031C7-6D87-4F5F-9C4A-12F86B76342C}.Debug|Mixed Platforms.Build.0 = Debug|Any CPU
		{678031C7-6D87-4F5F-9C4A-12F86B76342C}.Debug|x86.ActiveCfg = Debug|Any CPU
		{678031C7-6D87-4F5F-9C4A-12F86B76342C}.Debug|x86.Build.0 = Debug|Any CPU
		{678031C7-6D87-4F5F-9C4A-12F86B76342C}.Release|Any CPU.ActiveCfg = Release|Any CPU
		{678031C7-6D87-4F5F-9C4A-12F86B76342C}.Release|Any CPU.Build.0 = Release|Any CPU
		{678031C7-6D87-4F5F-9C4A-12F86B76342C}.Release|Mixed Platforms.ActiveCfg = Release|Any CPU
		{678031C7-6D87-4F5F-9C4A-12F86B76342C}.Release|Mixed Platforms.Build.0 = Release|Any CPU
		{678031C7-6D87-4F5F-9C4A-12F86B76342C}.Release|x86.ActiveCfg = Release|Any CPU
		{678031C7-6D87-4F5F-9C4A-12F86B76342C}.Release|x86.Build.0 = Release|Any CPU
		{F3C96DBE-12C6-4362-86B0-24371369A3E2}.Debug|Any CPU.ActiveCfg = Debug|Any CPU
		{F3C96DBE-12C6-4362-86B0-24371369A3E2}.Debug|Any CPU.Build.0 = Debug|Any CPU
		{F3C96DBE-12C6-4362-86B0-24371369A3E2}.Debug|Mixed Platforms.ActiveCfg = Debug|Any CPU
		{F3C96DBE-12C6-4362-86B0-24371369A3E2}.Debug|Mixed Platforms.Build.0 = Debug|Any CPU
		{F3C96DBE-12C6-4362-86B0-24371369A3E2}.Debug|x86.ActiveCfg = Debug|Any CPU
		{F3C96DBE-12C6-4362-86B0-24371369A3E2}.Debug|x86.Build.0 = Debug|Any CPU
		{F3C96DBE-12C6-4362-86B0-24371369A3E2}.Release|Any CPU.ActiveCfg = Release|Any CPU
		{F3C96DBE-12C6-4362-86B0-24371369A3E2}.Release|Any CPU.Build.0 = Release|Any CPU
		{F3C96DBE-12C6-4362-86B0-24371369A3E2}.Release|Mixed Platforms.ActiveCfg = Release|Any CPU
		{F3C96DBE-12C6-4362-86B0-24371369A3E2}.Release|Mixed Platforms.Build.0 = Release|Any CPU
		{F3C96DBE-12C6-4362-86B0-24371369A3E2}.Release|x86.ActiveCfg = Release|Any CPU
		{F3C96DBE-12C6-4362-86B0-24371369A3E2}.Release|x86.Build.0 = Release|Any CPU
		{ACAFCA35-01B7-479C-AD5F-9BCE0F8A597B}.Debug|Any CPU.ActiveCfg = Debug|Any CPU
		{ACAFCA35-01B7-479C-AD5F-9BCE0F8A597B}.Debug|Any CPU.Build.0 = Debug|Any CPU
		{ACAFCA35-01B7-479C-AD5F-9BCE0F8A597B}.Debug|Mixed Platforms.ActiveCfg = Debug|Any CPU
		{ACAFCA35-01B7-479C-AD5F-9BCE0F8A597B}.Debug|Mixed Platforms.Build.0 = Debug|Any CPU
		{ACAFCA35-01B7-479C-AD5F-9BCE0F8A597B}.Debug|x86.ActiveCfg = Debug|Any CPU
		{ACAFCA35-01B7-479C-AD5F-9BCE0F8A597B}.Debug|x86.Build.0 = Debug|Any CPU
		{ACAFCA35-01B7-479C-AD5F-9BCE0F8A597B}.Release|Any CPU.ActiveCfg = Release|Any CPU
		{ACAFCA35-01B7-479C-AD5F-9BCE0F8A597B}.Release|Any CPU.Build.0 = Release|Any CPU
		{ACAFCA35-01B7-479C-AD5F-9BCE0F8A597B}.Release|Mixed Platforms.ActiveCfg = Release|Any CPU
		{ACAFCA35-01B7-479C-AD5F-9BCE0F8A597B}.Release|Mixed Platforms.Build.0 = Release|Any CPU
		{ACAFCA35-01B7-479C-AD5F-9BCE0F8A597B}.Release|x86.ActiveCfg = Release|Any CPU
		{ACAFCA35-01B7-479C-AD5F-9BCE0F8A597B}.Release|x86.Build.0 = Release|Any CPU
		{90ABFA0C-ABCA-444E-ADEF-9A299AED6524}.Debug|Any CPU.ActiveCfg = Debug|Any CPU
		{90ABFA0C-ABCA-444E-ADEF-9A299AED6524}.Debug|Any CPU.Build.0 = Debug|Any CPU
		{90ABFA0C-ABCA-444E-ADEF-9A299AED6524}.Debug|Mixed Platforms.ActiveCfg = Debug|Any CPU
		{90ABFA0C-ABCA-444E-ADEF-9A299AED6524}.Debug|Mixed Platforms.Build.0 = Debug|Any CPU
		{90ABFA0C-ABCA-444E-ADEF-9A299AED6524}.Debug|x86.ActiveCfg = Debug|Any CPU
		{90ABFA0C-ABCA-444E-ADEF-9A299AED6524}.Debug|x86.Build.0 = Debug|Any CPU
		{90ABFA0C-ABCA-444E-ADEF-9A299AED6524}.Release|Any CPU.ActiveCfg = Release|Any CPU
		{90ABFA0C-ABCA-444E-ADEF-9A299AED6524}.Release|Any CPU.Build.0 = Release|Any CPU
		{90ABFA0C-ABCA-444E-ADEF-9A299AED6524}.Release|Mixed Platforms.ActiveCfg = Release|Any CPU
		{90ABFA0C-ABCA-444E-ADEF-9A299AED6524}.Release|Mixed Platforms.Build.0 = Release|Any CPU
		{90ABFA0C-ABCA-444E-ADEF-9A299AED6524}.Release|x86.ActiveCfg = Release|Any CPU
		{90ABFA0C-ABCA-444E-ADEF-9A299AED6524}.Release|x86.Build.0 = Release|Any CPU
		{B520B1D7-3889-4C88-9E0F-CB96802D5CD1}.Debug|Any CPU.ActiveCfg = Debug|Any CPU
		{B520B1D7-3889-4C88-9E0F-CB96802D5CD1}.Debug|Any CPU.Build.0 = Debug|Any CPU
		{B520B1D7-3889-4C88-9E0F-CB96802D5CD1}.Debug|Mixed Platforms.ActiveCfg = Debug|Any CPU
		{B520B1D7-3889-4C88-9E0F-CB96802D5CD1}.Debug|Mixed Platforms.Build.0 = Debug|Any CPU
		{B520B1D7-3889-4C88-9E0F-CB96802D5CD1}.Debug|x86.ActiveCfg = Debug|Any CPU
		{B520B1D7-3889-4C88-9E0F-CB96802D5CD1}.Debug|x86.Build.0 = Debug|Any CPU
		{B520B1D7-3889-4C88-9E0F-CB96802D5CD1}.Release|Any CPU.ActiveCfg = Release|Any CPU
		{B520B1D7-3889-4C88-9E0F-CB96802D5CD1}.Release|Any CPU.Build.0 = Release|Any CPU
		{B520B1D7-3889-4C88-9E0F-CB96802D5CD1}.Release|Mixed Platforms.ActiveCfg = Release|Any CPU
		{B520B1D7-3889-4C88-9E0F-CB96802D5CD1}.Release|Mixed Platforms.Build.0 = Release|Any CPU
		{B520B1D7-3889-4C88-9E0F-CB96802D5CD1}.Release|x86.ActiveCfg = Release|Any CPU
		{B520B1D7-3889-4C88-9E0F-CB96802D5CD1}.Release|x86.Build.0 = Release|Any CPU
		{F59F8030-A470-471E-AFBF-6E7816DCD11B}.Debug|Any CPU.ActiveCfg = Debug|Any CPU
		{F59F8030-A470-471E-AFBF-6E7816DCD11B}.Debug|Any CPU.Build.0 = Debug|Any CPU
		{F59F8030-A470-471E-AFBF-6E7816DCD11B}.Debug|Mixed Platforms.ActiveCfg = Debug|Any CPU
		{F59F8030-A470-471E-AFBF-6E7816DCD11B}.Debug|Mixed Platforms.Build.0 = Debug|Any CPU
		{F59F8030-A470-471E-AFBF-6E7816DCD11B}.Debug|x86.ActiveCfg = Debug|Any CPU
		{F59F8030-A470-471E-AFBF-6E7816DCD11B}.Debug|x86.Build.0 = Debug|Any CPU
		{F59F8030-A470-471E-AFBF-6E7816DCD11B}.Release|Any CPU.ActiveCfg = Release|Any CPU
		{F59F8030-A470-471E-AFBF-6E7816DCD11B}.Release|Any CPU.Build.0 = Release|Any CPU
		{F59F8030-A470-471E-AFBF-6E7816DCD11B}.Release|Mixed Platforms.ActiveCfg = Release|Any CPU
		{F59F8030-A470-471E-AFBF-6E7816DCD11B}.Release|Mixed Platforms.Build.0 = Release|Any CPU
		{F59F8030-A470-471E-AFBF-6E7816DCD11B}.Release|x86.ActiveCfg = Release|Any CPU
		{F59F8030-A470-471E-AFBF-6E7816DCD11B}.Release|x86.Build.0 = Release|Any CPU
		{7AE7D277-EFD8-4325-80ED-CAE7CDB94505}.Debug|Any CPU.ActiveCfg = Debug|Any CPU
		{7AE7D277-EFD8-4325-80ED-CAE7CDB94505}.Debug|Any CPU.Build.0 = Debug|Any CPU
		{7AE7D277-EFD8-4325-80ED-CAE7CDB94505}.Debug|Mixed Platforms.ActiveCfg = Debug|Any CPU
		{7AE7D277-EFD8-4325-80ED-CAE7CDB94505}.Debug|Mixed Platforms.Build.0 = Debug|Any CPU
		{7AE7D277-EFD8-4325-80ED-CAE7CDB94505}.Debug|x86.ActiveCfg = Debug|Any CPU
		{7AE7D277-EFD8-4325-80ED-CAE7CDB94505}.Debug|x86.Build.0 = Debug|Any CPU
		{7AE7D277-EFD8-4325-80ED-CAE7CDB94505}.Release|Any CPU.ActiveCfg = Release|Any CPU
		{7AE7D277-EFD8-4325-80ED-CAE7CDB94505}.Release|Any CPU.Build.0 = Release|Any CPU
		{7AE7D277-EFD8-4325-80ED-CAE7CDB94505}.Release|Mixed Platforms.ActiveCfg = Release|Any CPU
		{7AE7D277-EFD8-4325-80ED-CAE7CDB94505}.Release|Mixed Platforms.Build.0 = Release|Any CPU
		{7AE7D277-EFD8-4325-80ED-CAE7CDB94505}.Release|x86.ActiveCfg = Release|Any CPU
		{7AE7D277-EFD8-4325-80ED-CAE7CDB94505}.Release|x86.Build.0 = Release|Any CPU
		{D7561922-31A6-46DE-801F-C3C519B4B9C3}.Debug|Any CPU.ActiveCfg = Debug|Any CPU
		{D7561922-31A6-46DE-801F-C3C519B4B9C3}.Debug|Any CPU.Build.0 = Debug|Any CPU
		{D7561922-31A6-46DE-801F-C3C519B4B9C3}.Debug|Mixed Platforms.ActiveCfg = Debug|Any CPU
		{D7561922-31A6-46DE-801F-C3C519B4B9C3}.Debug|Mixed Platforms.Build.0 = Debug|Any CPU
		{D7561922-31A6-46DE-801F-C3C519B4B9C3}.Debug|x86.ActiveCfg = Debug|Any CPU
		{D7561922-31A6-46DE-801F-C3C519B4B9C3}.Debug|x86.Build.0 = Debug|Any CPU
		{D7561922-31A6-46DE-801F-C3C519B4B9C3}.Release|Any CPU.ActiveCfg = Release|Any CPU
		{D7561922-31A6-46DE-801F-C3C519B4B9C3}.Release|Any CPU.Build.0 = Release|Any CPU
		{D7561922-31A6-46DE-801F-C3C519B4B9C3}.Release|Mixed Platforms.ActiveCfg = Release|Any CPU
		{D7561922-31A6-46DE-801F-C3C519B4B9C3}.Release|Mixed Platforms.Build.0 = Release|Any CPU
		{D7561922-31A6-46DE-801F-C3C519B4B9C3}.Release|x86.ActiveCfg = Release|Any CPU
		{D7561922-31A6-46DE-801F-C3C519B4B9C3}.Release|x86.Build.0 = Release|Any CPU
		{0AE1C682-A15E-4880-925E-10F9EFD1CD49}.Debug|Any CPU.ActiveCfg = Debug|Any CPU
		{0AE1C682-A15E-4880-925E-10F9EFD1CD49}.Debug|Any CPU.Build.0 = Debug|Any CPU
		{0AE1C682-A15E-4880-925E-10F9EFD1CD49}.Debug|Mixed Platforms.ActiveCfg = Debug|Any CPU
		{0AE1C682-A15E-4880-925E-10F9EFD1CD49}.Debug|Mixed Platforms.Build.0 = Debug|Any CPU
		{0AE1C682-A15E-4880-925E-10F9EFD1CD49}.Debug|x86.ActiveCfg = Debug|Any CPU
		{0AE1C682-A15E-4880-925E-10F9EFD1CD49}.Debug|x86.Build.0 = Debug|Any CPU
		{0AE1C682-A15E-4880-925E-10F9EFD1CD49}.Release|Any CPU.ActiveCfg = Release|Any CPU
		{0AE1C682-A15E-4880-925E-10F9EFD1CD49}.Release|Any CPU.Build.0 = Release|Any CPU
		{0AE1C682-A15E-4880-925E-10F9EFD1CD49}.Release|Mixed Platforms.ActiveCfg = Release|Any CPU
		{0AE1C682-A15E-4880-925E-10F9EFD1CD49}.Release|Mixed Platforms.Build.0 = Release|Any CPU
		{0AE1C682-A15E-4880-925E-10F9EFD1CD49}.Release|x86.ActiveCfg = Release|Any CPU
		{0AE1C682-A15E-4880-925E-10F9EFD1CD49}.Release|x86.Build.0 = Release|Any CPU
		{68215476-302C-49F2-9F7E-AAE20A2B6B12}.Debug|Any CPU.ActiveCfg = Debug|Any CPU
		{68215476-302C-49F2-9F7E-AAE20A2B6B12}.Debug|Any CPU.Build.0 = Debug|Any CPU
		{68215476-302C-49F2-9F7E-AAE20A2B6B12}.Debug|Mixed Platforms.ActiveCfg = Debug|Any CPU
		{68215476-302C-49F2-9F7E-AAE20A2B6B12}.Debug|Mixed Platforms.Build.0 = Debug|Any CPU
		{68215476-302C-49F2-9F7E-AAE20A2B6B12}.Debug|x86.ActiveCfg = Debug|Any CPU
		{68215476-302C-49F2-9F7E-AAE20A2B6B12}.Debug|x86.Build.0 = Debug|Any CPU
		{68215476-302C-49F2-9F7E-AAE20A2B6B12}.Release|Any CPU.ActiveCfg = Release|Any CPU
		{68215476-302C-49F2-9F7E-AAE20A2B6B12}.Release|Any CPU.Build.0 = Release|Any CPU
		{68215476-302C-49F2-9F7E-AAE20A2B6B12}.Release|Mixed Platforms.ActiveCfg = Release|Any CPU
		{68215476-302C-49F2-9F7E-AAE20A2B6B12}.Release|Mixed Platforms.Build.0 = Release|Any CPU
		{68215476-302C-49F2-9F7E-AAE20A2B6B12}.Release|x86.ActiveCfg = Release|Any CPU
		{68215476-302C-49F2-9F7E-AAE20A2B6B12}.Release|x86.Build.0 = Release|Any CPU
		{4EF680D7-DF17-4978-9872-133EDC169B4B}.Debug|Any CPU.ActiveCfg = Debug|Any CPU
		{4EF680D7-DF17-4978-9872-133EDC169B4B}.Debug|Any CPU.Build.0 = Debug|Any CPU
		{4EF680D7-DF17-4978-9872-133EDC169B4B}.Debug|Mixed Platforms.ActiveCfg = Debug|Any CPU
		{4EF680D7-DF17-4978-9872-133EDC169B4B}.Debug|Mixed Platforms.Build.0 = Debug|Any CPU
		{4EF680D7-DF17-4978-9872-133EDC169B4B}.Debug|x86.ActiveCfg = Debug|Any CPU
		{4EF680D7-DF17-4978-9872-133EDC169B4B}.Debug|x86.Build.0 = Debug|Any CPU
		{4EF680D7-DF17-4978-9872-133EDC169B4B}.Release|Any CPU.ActiveCfg = Release|Any CPU
		{4EF680D7-DF17-4978-9872-133EDC169B4B}.Release|Any CPU.Build.0 = Release|Any CPU
		{4EF680D7-DF17-4978-9872-133EDC169B4B}.Release|Mixed Platforms.ActiveCfg = Release|Any CPU
		{4EF680D7-DF17-4978-9872-133EDC169B4B}.Release|Mixed Platforms.Build.0 = Release|Any CPU
		{4EF680D7-DF17-4978-9872-133EDC169B4B}.Release|x86.ActiveCfg = Release|Any CPU
		{4EF680D7-DF17-4978-9872-133EDC169B4B}.Release|x86.Build.0 = Release|Any CPU
		{8DAA1CF4-A29A-42CE-8649-34E0FBC0D97C}.Debug|Any CPU.ActiveCfg = Debug|Any CPU
		{8DAA1CF4-A29A-42CE-8649-34E0FBC0D97C}.Debug|Any CPU.Build.0 = Debug|Any CPU
		{8DAA1CF4-A29A-42CE-8649-34E0FBC0D97C}.Debug|Mixed Platforms.ActiveCfg = Debug|Any CPU
		{8DAA1CF4-A29A-42CE-8649-34E0FBC0D97C}.Debug|Mixed Platforms.Build.0 = Debug|Any CPU
		{8DAA1CF4-A29A-42CE-8649-34E0FBC0D97C}.Debug|x86.ActiveCfg = Debug|Any CPU
		{8DAA1CF4-A29A-42CE-8649-34E0FBC0D97C}.Debug|x86.Build.0 = Debug|Any CPU
		{8DAA1CF4-A29A-42CE-8649-34E0FBC0D97C}.Release|Any CPU.ActiveCfg = Release|Any CPU
		{8DAA1CF4-A29A-42CE-8649-34E0FBC0D97C}.Release|Any CPU.Build.0 = Release|Any CPU
		{8DAA1CF4-A29A-42CE-8649-34E0FBC0D97C}.Release|Mixed Platforms.ActiveCfg = Release|Any CPU
		{8DAA1CF4-A29A-42CE-8649-34E0FBC0D97C}.Release|Mixed Platforms.Build.0 = Release|Any CPU
		{8DAA1CF4-A29A-42CE-8649-34E0FBC0D97C}.Release|x86.ActiveCfg = Release|Any CPU
		{8DAA1CF4-A29A-42CE-8649-34E0FBC0D97C}.Release|x86.Build.0 = Release|Any CPU
		{7D0D7673-C77A-4140-A5C6-075D825AC11D}.Debug|Any CPU.ActiveCfg = Debug|Any CPU
		{7D0D7673-C77A-4140-A5C6-075D825AC11D}.Debug|Any CPU.Build.0 = Debug|Any CPU
		{7D0D7673-C77A-4140-A5C6-075D825AC11D}.Debug|Mixed Platforms.ActiveCfg = Debug|Any CPU
		{7D0D7673-C77A-4140-A5C6-075D825AC11D}.Debug|Mixed Platforms.Build.0 = Debug|Any CPU
		{7D0D7673-C77A-4140-A5C6-075D825AC11D}.Debug|x86.ActiveCfg = Debug|Any CPU
		{7D0D7673-C77A-4140-A5C6-075D825AC11D}.Debug|x86.Build.0 = Debug|Any CPU
		{7D0D7673-C77A-4140-A5C6-075D825AC11D}.Release|Any CPU.ActiveCfg = Release|Any CPU
		{7D0D7673-C77A-4140-A5C6-075D825AC11D}.Release|Any CPU.Build.0 = Release|Any CPU
		{7D0D7673-C77A-4140-A5C6-075D825AC11D}.Release|Mixed Platforms.ActiveCfg = Release|Any CPU
		{7D0D7673-C77A-4140-A5C6-075D825AC11D}.Release|Mixed Platforms.Build.0 = Release|Any CPU
		{7D0D7673-C77A-4140-A5C6-075D825AC11D}.Release|x86.ActiveCfg = Release|Any CPU
		{7D0D7673-C77A-4140-A5C6-075D825AC11D}.Release|x86.Build.0 = Release|Any CPU
		{D0FCA2C5-FF75-42D8-AE80-310280A61FB1}.Debug|Any CPU.ActiveCfg = Debug|Any CPU
		{D0FCA2C5-FF75-42D8-AE80-310280A61FB1}.Debug|Any CPU.Build.0 = Debug|Any CPU
		{D0FCA2C5-FF75-42D8-AE80-310280A61FB1}.Debug|Mixed Platforms.ActiveCfg = Debug|Any CPU
		{D0FCA2C5-FF75-42D8-AE80-310280A61FB1}.Debug|Mixed Platforms.Build.0 = Debug|Any CPU
		{D0FCA2C5-FF75-42D8-AE80-310280A61FB1}.Debug|x86.ActiveCfg = Debug|Any CPU
		{D0FCA2C5-FF75-42D8-AE80-310280A61FB1}.Debug|x86.Build.0 = Debug|Any CPU
		{D0FCA2C5-FF75-42D8-AE80-310280A61FB1}.Release|Any CPU.ActiveCfg = Release|Any CPU
		{D0FCA2C5-FF75-42D8-AE80-310280A61FB1}.Release|Any CPU.Build.0 = Release|Any CPU
		{D0FCA2C5-FF75-42D8-AE80-310280A61FB1}.Release|Mixed Platforms.ActiveCfg = Release|Any CPU
		{D0FCA2C5-FF75-42D8-AE80-310280A61FB1}.Release|Mixed Platforms.Build.0 = Release|Any CPU
		{D0FCA2C5-FF75-42D8-AE80-310280A61FB1}.Release|x86.ActiveCfg = Release|Any CPU
		{D0FCA2C5-FF75-42D8-AE80-310280A61FB1}.Release|x86.Build.0 = Release|Any CPU
		{D3710390-CD0E-4E14-8E4F-80302D797D5E}.Debug|Any CPU.ActiveCfg = Debug|Any CPU
		{D3710390-CD0E-4E14-8E4F-80302D797D5E}.Debug|Any CPU.Build.0 = Debug|Any CPU
		{D3710390-CD0E-4E14-8E4F-80302D797D5E}.Debug|Mixed Platforms.ActiveCfg = Debug|Any CPU
		{D3710390-CD0E-4E14-8E4F-80302D797D5E}.Debug|Mixed Platforms.Build.0 = Debug|Any CPU
		{D3710390-CD0E-4E14-8E4F-80302D797D5E}.Debug|x86.ActiveCfg = Debug|Any CPU
		{D3710390-CD0E-4E14-8E4F-80302D797D5E}.Debug|x86.Build.0 = Debug|Any CPU
		{D3710390-CD0E-4E14-8E4F-80302D797D5E}.Release|Any CPU.ActiveCfg = Release|Any CPU
		{D3710390-CD0E-4E14-8E4F-80302D797D5E}.Release|Any CPU.Build.0 = Release|Any CPU
		{D3710390-CD0E-4E14-8E4F-80302D797D5E}.Release|Mixed Platforms.ActiveCfg = Release|Any CPU
		{D3710390-CD0E-4E14-8E4F-80302D797D5E}.Release|Mixed Platforms.Build.0 = Release|Any CPU
		{D3710390-CD0E-4E14-8E4F-80302D797D5E}.Release|x86.ActiveCfg = Release|Any CPU
		{D3710390-CD0E-4E14-8E4F-80302D797D5E}.Release|x86.Build.0 = Release|Any CPU
		{B9014791-7170-4DCD-B3F1-2B7518A85C83}.Debug|Any CPU.ActiveCfg = Debug|Any CPU
		{B9014791-7170-4DCD-B3F1-2B7518A85C83}.Debug|Any CPU.Build.0 = Debug|Any CPU
		{B9014791-7170-4DCD-B3F1-2B7518A85C83}.Debug|Mixed Platforms.ActiveCfg = Debug|Any CPU
		{B9014791-7170-4DCD-B3F1-2B7518A85C83}.Debug|Mixed Platforms.Build.0 = Debug|Any CPU
		{B9014791-7170-4DCD-B3F1-2B7518A85C83}.Debug|x86.ActiveCfg = Debug|Any CPU
		{B9014791-7170-4DCD-B3F1-2B7518A85C83}.Debug|x86.Build.0 = Debug|Any CPU
		{B9014791-7170-4DCD-B3F1-2B7518A85C83}.Release|Any CPU.ActiveCfg = Release|Any CPU
		{B9014791-7170-4DCD-B3F1-2B7518A85C83}.Release|Any CPU.Build.0 = Release|Any CPU
		{B9014791-7170-4DCD-B3F1-2B7518A85C83}.Release|Mixed Platforms.ActiveCfg = Release|Any CPU
		{B9014791-7170-4DCD-B3F1-2B7518A85C83}.Release|Mixed Platforms.Build.0 = Release|Any CPU
		{B9014791-7170-4DCD-B3F1-2B7518A85C83}.Release|x86.ActiveCfg = Release|Any CPU
		{B9014791-7170-4DCD-B3F1-2B7518A85C83}.Release|x86.Build.0 = Release|Any CPU
		{A6E3D875-DDFA-446A-AAF5-BFAFF3C9EF45}.Debug|Any CPU.ActiveCfg = Debug|Any CPU
		{A6E3D875-DDFA-446A-AAF5-BFAFF3C9EF45}.Debug|Any CPU.Build.0 = Debug|Any CPU
		{A6E3D875-DDFA-446A-AAF5-BFAFF3C9EF45}.Debug|Mixed Platforms.ActiveCfg = Debug|Any CPU
		{A6E3D875-DDFA-446A-AAF5-BFAFF3C9EF45}.Debug|Mixed Platforms.Build.0 = Debug|Any CPU
		{A6E3D875-DDFA-446A-AAF5-BFAFF3C9EF45}.Debug|x86.ActiveCfg = Debug|Any CPU
		{A6E3D875-DDFA-446A-AAF5-BFAFF3C9EF45}.Debug|x86.Build.0 = Debug|Any CPU
		{A6E3D875-DDFA-446A-AAF5-BFAFF3C9EF45}.Release|Any CPU.ActiveCfg = Release|Any CPU
		{A6E3D875-DDFA-446A-AAF5-BFAFF3C9EF45}.Release|Any CPU.Build.0 = Release|Any CPU
		{A6E3D875-DDFA-446A-AAF5-BFAFF3C9EF45}.Release|Mixed Platforms.ActiveCfg = Release|Any CPU
		{A6E3D875-DDFA-446A-AAF5-BFAFF3C9EF45}.Release|Mixed Platforms.Build.0 = Release|Any CPU
		{A6E3D875-DDFA-446A-AAF5-BFAFF3C9EF45}.Release|x86.ActiveCfg = Release|Any CPU
		{A6E3D875-DDFA-446A-AAF5-BFAFF3C9EF45}.Release|x86.Build.0 = Release|Any CPU
	EndGlobalSection
	GlobalSection(SolutionProperties) = preSolution
		HideSolutionNode = FALSE
	EndGlobalSection
	GlobalSection(NestedProjects) = preSolution
		{081F5739-33DA-421A-B177-7B548D96646F} = {C841EA02-4918-4162-ADC1-C09F5BC28AF9}
		{67418D38-1E2E-4944-A1B0-09E00FC2D055} = {C841EA02-4918-4162-ADC1-C09F5BC28AF9}
		{4B775819-3574-443E-95AD-B40BC6EA6469} = {8D21C5C6-73E9-42E0-92FB-63500E321836}
		{15142E7B-35F5-4E81-AA18-79C4D60B4C26} = {F49789F2-97F3-45B3-BC85-F4E09C0D120D}
		{06D89847-9C7A-47D5-8C7A-95AEBFFF5F1E} = {8D21C5C6-73E9-42E0-92FB-63500E321836}
		{E9B64673-65B7-4D77-A4DB-4B441A7C9197} = {3D6660F8-52D2-4A30-8F1E-1922DDCF10F9}
		{EEC75E83-E284-44E0-B321-3F5C6512074F} = {8D21C5C6-73E9-42E0-92FB-63500E321836}
		{E81B7BD8-A326-47D3-B7EE-E9C7D4D119FA} = {1D035A49-9E4B-4B3B-AAEF-3A360B5EE2D8}
		{A2FC4D71-1ED9-40D4-B746-FE6AB3C7D55E} = {C841EA02-4918-4162-ADC1-C09F5BC28AF9}
		{0C73C749-FCAE-4254-A614-AE1B03AF45C9} = {851ADF1E-4500-4A14-B4AA-C1087A6C537E}
		{3D833D81-4F14-4A68-B0DE-6469B8CF4E62} = {851ADF1E-4500-4A14-B4AA-C1087A6C537E}
		{F6FBD153-9D9F-4D6C-B08D-0C798F106B32} = {851ADF1E-4500-4A14-B4AA-C1087A6C537E}
		{F714A9FA-1C4B-456B-BACF-D6763223A81C} = {8D21C5C6-73E9-42E0-92FB-63500E321836}
		{77CCAE62-D374-468E-98A0-DD8ADB461C10} = {1D035A49-9E4B-4B3B-AAEF-3A360B5EE2D8}
		{678031C7-6D87-4F5F-9C4A-12F86B76342C} = {1D035A49-9E4B-4B3B-AAEF-3A360B5EE2D8}
		{F3C96DBE-12C6-4362-86B0-24371369A3E2} = {1D035A49-9E4B-4B3B-AAEF-3A360B5EE2D8}
		{ACAFCA35-01B7-479C-AD5F-9BCE0F8A597B} = {1D035A49-9E4B-4B3B-AAEF-3A360B5EE2D8}
		{B520B1D7-3889-4C88-9E0F-CB96802D5CD1} = {C841EA02-4918-4162-ADC1-C09F5BC28AF9}
		{F59F8030-A470-471E-AFBF-6E7816DCD11B} = {1D035A49-9E4B-4B3B-AAEF-3A360B5EE2D8}
		{7AE7D277-EFD8-4325-80ED-CAE7CDB94505} = {1D035A49-9E4B-4B3B-AAEF-3A360B5EE2D8}
		{D7561922-31A6-46DE-801F-C3C519B4B9C3} = {1D035A49-9E4B-4B3B-AAEF-3A360B5EE2D8}
		{8DAA1CF4-A29A-42CE-8649-34E0FBC0D97C} = {D75531B7-000E-432E-A168-51846256A9D1}
		{D75531B7-000E-432E-A168-51846256A9D1} = {16553295-E70F-4596-AA78-848EEA576C4A}
		{1D035A49-9E4B-4B3B-AAEF-3A360B5EE2D8} = {16553295-E70F-4596-AA78-848EEA576C4A}
		{C841EA02-4918-4162-ADC1-C09F5BC28AF9} = {16553295-E70F-4596-AA78-848EEA576C4A}
		{8D21C5C6-73E9-42E0-92FB-63500E321836} = {16553295-E70F-4596-AA78-848EEA576C4A}
		{F49789F2-97F3-45B3-BC85-F4E09C0D120D} = {16553295-E70F-4596-AA78-848EEA576C4A}
		{7D0D7673-C77A-4140-A5C6-075D825AC11D} = {D75531B7-000E-432E-A168-51846256A9D1}
		{D3710390-CD0E-4E14-8E4F-80302D797D5E} = {F49789F2-97F3-45B3-BC85-F4E09C0D120D}
		{B9014791-7170-4DCD-B3F1-2B7518A85C83} = {F49789F2-97F3-45B3-BC85-F4E09C0D120D}
		{A6E3D875-DDFA-446A-AAF5-BFAFF3C9EF45} = {F49789F2-97F3-45B3-BC85-F4E09C0D120D}
	EndGlobalSection
	GlobalSection(ExtensibilityGlobals) = postSolution
		SolutionGuid = {50B52A67-69B1-4B19-A59C-FF058FD9EBDF}
	EndGlobalSection
EndGlobal
