
Microsoft Visual Studio Solution File, Format Version 12.00
# Visual Studio 2013
VisualStudioVersion = 12.0.31101.0
MinimumVisualStudioVersion = 10.0.40219.1
Project("{2150E333-8FDC-42A3-9474-1A3956D46DE8}") = "Plugins", "Plugins", "{16553295-E70F-4596-AA78-848EEA576C4A}"
EndProject
Project("{FAE04EC0-301F-11D3-BF4B-00C04F79EFBC}") = "Sound.Flac", "Sound.Flac\Sound.Flac.csproj", "{081F5739-33DA-421A-B177-7B548D96646F}"
EndProject
Project("{FAE04EC0-301F-11D3-BF4B-00C04F79EFBC}") = "Sound.RiffWave", "Sound.RiffWave\Sound.RiffWave.csproj", "{67418D38-1E2E-4944-A1B0-09E00FC2D055}"
EndProject
Project("{FAE04EC0-301F-11D3-BF4B-00C04F79EFBC}") = "Texture.BmpGifJpegPngTiff", "Texture.BmpGifJpegPngTiff\Texture.BmpGifJpegPngTiff.csproj", "{4B775819-3574-443E-95AD-B40BC6EA6469}"
EndProject
Project("{FAE04EC0-301F-11D3-BF4B-00C04F79EFBC}") = "OpenBveAts", "OpenBveAts\OpenBveAts.csproj", "{15142E7B-35F5-4E81-AA18-79C4D60B4C26}"
EndProject
Project("{FAE04EC0-301F-11D3-BF4B-00C04F79EFBC}") = "Texture.Ace", "Texture.Ace\Texture.Ace.csproj", "{06D89847-9C7A-47D5-8C7A-95AEBFFF5F1E}"
EndProject
Project("{FAE04EC0-301F-11D3-BF4B-00C04F79EFBC}") = "OpenBve", "OpenBve\OpenBve.csproj", "{34743421-2EB8-4F68-9600-AEAE79AECFA5}"
EndProject
Project("{FAE04EC0-301F-11D3-BF4B-00C04F79EFBC}") = "OpenBveApi", "OpenBveApi\OpenBveApi.csproj", "{27134980-4415-4375-A564-40A9014DFA5F}"
EndProject
Global
	GlobalSection(SolutionConfigurationPlatforms) = preSolution
		Debug|Any CPU = Debug|Any CPU
		Debug|x86 = Debug|x86
		Release|Any CPU = Release|Any CPU
		Release|x86 = Release|x86
	EndGlobalSection
	GlobalSection(ProjectConfigurationPlatforms) = postSolution
		{081F5739-33DA-421A-B177-7B548D96646F}.Debug|Any CPU.ActiveCfg = Debug|x86
		{081F5739-33DA-421A-B177-7B548D96646F}.Debug|Any CPU.Build.0 = Debug|x86
		{081F5739-33DA-421A-B177-7B548D96646F}.Debug|x86.ActiveCfg = Debug|x86
		{081F5739-33DA-421A-B177-7B548D96646F}.Debug|x86.Build.0 = Debug|x86
		{081F5739-33DA-421A-B177-7B548D96646F}.Release|Any CPU.ActiveCfg = Release|x86
		{081F5739-33DA-421A-B177-7B548D96646F}.Release|Any CPU.Build.0 = Release|x86
		{081F5739-33DA-421A-B177-7B548D96646F}.Release|x86.ActiveCfg = Release|x86
		{081F5739-33DA-421A-B177-7B548D96646F}.Release|x86.Build.0 = Release|x86
		{67418D38-1E2E-4944-A1B0-09E00FC2D055}.Debug|Any CPU.ActiveCfg = Debug|x86
		{67418D38-1E2E-4944-A1B0-09E00FC2D055}.Debug|Any CPU.Build.0 = Debug|x86
		{67418D38-1E2E-4944-A1B0-09E00FC2D055}.Debug|x86.ActiveCfg = Debug|x86
		{67418D38-1E2E-4944-A1B0-09E00FC2D055}.Debug|x86.Build.0 = Debug|x86
		{67418D38-1E2E-4944-A1B0-09E00FC2D055}.Release|Any CPU.ActiveCfg = Release|x86
		{67418D38-1E2E-4944-A1B0-09E00FC2D055}.Release|Any CPU.Build.0 = Release|x86
		{67418D38-1E2E-4944-A1B0-09E00FC2D055}.Release|x86.ActiveCfg = Release|x86
		{67418D38-1E2E-4944-A1B0-09E00FC2D055}.Release|x86.Build.0 = Release|x86
		{4B775819-3574-443E-95AD-B40BC6EA6469}.Debug|Any CPU.ActiveCfg = Debug|x86
		{4B775819-3574-443E-95AD-B40BC6EA6469}.Debug|Any CPU.Build.0 = Debug|x86
		{4B775819-3574-443E-95AD-B40BC6EA6469}.Debug|x86.ActiveCfg = Debug|x86
		{4B775819-3574-443E-95AD-B40BC6EA6469}.Debug|x86.Build.0 = Debug|x86
		{4B775819-3574-443E-95AD-B40BC6EA6469}.Release|Any CPU.ActiveCfg = Release|x86
		{4B775819-3574-443E-95AD-B40BC6EA6469}.Release|Any CPU.Build.0 = Release|x86
		{4B775819-3574-443E-95AD-B40BC6EA6469}.Release|x86.ActiveCfg = Release|x86
		{4B775819-3574-443E-95AD-B40BC6EA6469}.Release|x86.Build.0 = Release|x86
		{15142E7B-35F5-4E81-AA18-79C4D60B4C26}.Debug|Any CPU.ActiveCfg = Debug|x86
		{15142E7B-35F5-4E81-AA18-79C4D60B4C26}.Debug|Any CPU.Build.0 = Debug|x86
		{15142E7B-35F5-4E81-AA18-79C4D60B4C26}.Debug|x86.ActiveCfg = Debug|x86
		{15142E7B-35F5-4E81-AA18-79C4D60B4C26}.Debug|x86.Build.0 = Debug|x86
		{15142E7B-35F5-4E81-AA18-79C4D60B4C26}.Release|Any CPU.ActiveCfg = Release|x86
		{15142E7B-35F5-4E81-AA18-79C4D60B4C26}.Release|Any CPU.Build.0 = Release|x86
		{15142E7B-35F5-4E81-AA18-79C4D60B4C26}.Release|x86.ActiveCfg = Release|x86
		{15142E7B-35F5-4E81-AA18-79C4D60B4C26}.Release|x86.Build.0 = Release|x86
		{06D89847-9C7A-47D5-8C7A-95AEBFFF5F1E}.Debug|Any CPU.ActiveCfg = Debug|x86
		{06D89847-9C7A-47D5-8C7A-95AEBFFF5F1E}.Debug|Any CPU.Build.0 = Debug|x86
		{06D89847-9C7A-47D5-8C7A-95AEBFFF5F1E}.Debug|x86.ActiveCfg = Debug|x86
		{06D89847-9C7A-47D5-8C7A-95AEBFFF5F1E}.Debug|x86.Build.0 = Debug|x86
		{06D89847-9C7A-47D5-8C7A-95AEBFFF5F1E}.Release|Any CPU.ActiveCfg = Release|x86
		{06D89847-9C7A-47D5-8C7A-95AEBFFF5F1E}.Release|Any CPU.Build.0 = Release|x86
		{06D89847-9C7A-47D5-8C7A-95AEBFFF5F1E}.Release|x86.ActiveCfg = Release|x86
		{06D89847-9C7A-47D5-8C7A-95AEBFFF5F1E}.Release|x86.Build.0 = Release|x86
		{34743421-2EB8-4F68-9600-AEAE79AECFA5}.Debug|Any CPU.ActiveCfg = Debug|Any CPU
		{34743421-2EB8-4F68-9600-AEAE79AECFA5}.Debug|Any CPU.Build.0 = Debug|Any CPU
		{34743421-2EB8-4F68-9600-AEAE79AECFA5}.Debug|x86.ActiveCfg = Debug|Any CPU
		{34743421-2EB8-4F68-9600-AEAE79AECFA5}.Release|Any CPU.ActiveCfg = Release|Any CPU
		{34743421-2EB8-4F68-9600-AEAE79AECFA5}.Release|Any CPU.Build.0 = Release|Any CPU
		{34743421-2EB8-4F68-9600-AEAE79AECFA5}.Release|x86.ActiveCfg = Release|Any CPU
		{27134980-4415-4375-A564-40A9014DFA5F}.Debug|Any CPU.ActiveCfg = Debug|x86
		{27134980-4415-4375-A564-40A9014DFA5F}.Debug|Any CPU.Build.0 = Debug|x86
		{27134980-4415-4375-A564-40A9014DFA5F}.Debug|x86.ActiveCfg = Debug|x86
		{27134980-4415-4375-A564-40A9014DFA5F}.Debug|x86.Build.0 = Debug|x86
		{27134980-4415-4375-A564-40A9014DFA5F}.Release|Any CPU.ActiveCfg = Release|x86
		{27134980-4415-4375-A564-40A9014DFA5F}.Release|Any CPU.Build.0 = Release|x86
		{27134980-4415-4375-A564-40A9014DFA5F}.Release|x86.ActiveCfg = Release|x86
		{27134980-4415-4375-A564-40A9014DFA5F}.Release|x86.Build.0 = Release|x86
	EndGlobalSection
	GlobalSection(SolutionProperties) = preSolution
		HideSolutionNode = FALSE
	EndGlobalSection
	GlobalSection(NestedProjects) = preSolution
		{081F5739-33DA-421A-B177-7B548D96646F} = {16553295-E70F-4596-AA78-848EEA576C4A}
		{67418D38-1E2E-4944-A1B0-09E00FC2D055} = {16553295-E70F-4596-AA78-848EEA576C4A}
		{4B775819-3574-443E-95AD-B40BC6EA6469} = {16553295-E70F-4596-AA78-848EEA576C4A}
		{15142E7B-35F5-4E81-AA18-79C4D60B4C26} = {16553295-E70F-4596-AA78-848EEA576C4A}
		{06D89847-9C7A-47D5-8C7A-95AEBFFF5F1E} = {16553295-E70F-4596-AA78-848EEA576C4A}
	EndGlobalSection
EndGlobal
